
Microsoft Visual Studio Solution File, Format Version 12.00
# Visual Studio Version 17
VisualStudioVersion = 17.3.32819.101
MinimumVisualStudioVersion = 10.0.40219.1
Project("{FAE04EC0-301F-11D3-BF4B-00C04F79EFBC}") = "Calculadora_CMD", "Calculadora_CMD\Calculadora_CMD.csproj", "{5DD12298-1614-4E83-A1F8-CA723280A1FC}"
EndProject
Global
	GlobalSection(SolutionConfigurationPlatforms) = preSolution
		Debug|Any CPU = Debug|Any CPU
		Release|Any CPU = Release|Any CPU
	EndGlobalSection
	GlobalSection(ProjectConfigurationPlatforms) = postSolution
		{5DD12298-1614-4E83-A1F8-CA723280A1FC}.Debug|Any CPU.ActiveCfg = Debug|Any CPU
		{5DD12298-1614-4E83-A1F8-CA723280A1FC}.Debug|Any CPU.Build.0 = Debug|Any CPU
		{5DD12298-1614-4E83-A1F8-CA723280A1FC}.Release|Any CPU.ActiveCfg = Release|Any CPU
		{5DD12298-1614-4E83-A1F8-CA723280A1FC}.Release|Any CPU.Build.0 = Release|Any CPU
	EndGlobalSection
	GlobalSection(SolutionProperties) = preSolution
		HideSolutionNode = FALSE
	EndGlobalSection
	GlobalSection(ExtensibilityGlobals) = postSolution
		SolutionGuid = {81BA1C87-0140-497C-A1A5-11560D913ECC}
	EndGlobalSection
EndGlobal
